
Microsoft Visual Studio Solution File, Format Version 12.00
# Visual Studio for Mac
Project("{FAE04EC0-301F-11D3-BF4B-00C04F79EFBC}") = "UnityExtension-Android", "UnityExtension-Android.csproj", "{22381E04-92D1-6847-95C0-408AACB571A4}"
EndProject
Global
	GlobalSection(SolutionConfigurationPlatforms) = preSolution
		Debug|Any CPU = Debug|Any CPU
		Release|Any CPU = Release|Any CPU
	EndGlobalSection
	GlobalSection(ProjectConfigurationPlatforms) = postSolution
		{22381E04-92D1-6847-95C0-408AACB571A4}.Debug|Any CPU.ActiveCfg = Debug|Any CPU
		{22381E04-92D1-6847-95C0-408AACB571A4}.Debug|Any CPU.Build.0 = Debug|Any CPU
		{22381E04-92D1-6847-95C0-408AACB571A4}.Release|Any CPU.ActiveCfg = Release|Any CPU
		{22381E04-92D1-6847-95C0-408AACB571A4}.Release|Any CPU.Build.0 = Release|Any CPU
	EndGlobalSection
	GlobalSection(SolutionProperties) = preSolution
		HideSolutionNode = FALSE
	EndGlobalSection
EndGlobal
